
Microsoft Visual Studio Solution File, Format Version 12.00
# Visual Studio Version 17
VisualStudioVersion = 17.1.32210.238
MinimumVisualStudioVersion = 10.0.40219.1
Project("{FAE04EC0-301F-11D3-BF4B-00C04F79EFBC}") = "NameReader", "NameReader.csproj", "{4022A0FF-083B-448A-AA33-59B6C5F2CB85}"
EndProject
Global
	GlobalSection(SolutionConfigurationPlatforms) = preSolution
		Debug|Any CPU = Debug|Any CPU
		Release|Any CPU = Release|Any CPU
	EndGlobalSection
	GlobalSection(ProjectConfigurationPlatforms) = postSolution
		{4022A0FF-083B-448A-AA33-59B6C5F2CB85}.Debug|Any CPU.ActiveCfg = Debug|Any CPU
		{4022A0FF-083B-448A-AA33-59B6C5F2CB85}.Debug|Any CPU.Build.0 = Debug|Any CPU
		{4022A0FF-083B-448A-AA33-59B6C5F2CB85}.Release|Any CPU.ActiveCfg = Release|Any CPU
		{4022A0FF-083B-448A-AA33-59B6C5F2CB85}.Release|Any CPU.Build.0 = Release|Any CPU
	EndGlobalSection
	GlobalSection(SolutionProperties) = preSolution
		HideSolutionNode = FALSE
	EndGlobalSection
	GlobalSection(ExtensibilityGlobals) = postSolution
		SolutionGuid = {88B907A8-167F-4174-844B-496D4BCE08D5}
	EndGlobalSection
EndGlobal
